// !$*UTF8*$!
{
	archiveVersion = 1;
	classes = {
	};
	objectVersion = 46;
	objects = {

/* Begin PBXBuildFile section */
		18CDCA5F1B4947DB0045418B /* ALSettingsTableViewController.m in Sources */ = {isa = PBXBuildFile; fileRef = 18CDCA5E1B4947DB0045418B /* ALSettingsTableViewController.m */; };
		18CDCA621B4947F70045418B /* ALLocationTableViewController.m in Sources */ = {isa = PBXBuildFile; fileRef = 18CDCA611B4947F70045418B /* ALLocationTableViewController.m */; };
		18CDCA6F1B494CC60045418B /* ALLocationTableViewCell.m in Sources */ = {isa = PBXBuildFile; fileRef = 18CDCA6E1B494CC60045418B /* ALLocationTableViewCell.m */; };
		18CDCA721B494FD90045418B /* ALLocationListDataSource.m in Sources */ = {isa = PBXBuildFile; fileRef = 18CDCA711B494FD90045418B /* ALLocationListDataSource.m */; };
		18CDCA741B497A280045418B /* city.json in Resources */ = {isa = PBXBuildFile; fileRef = 18CDCA731B497A280045418B /* city.json */; };
		18D3579E1B48071100B8B428 /* main.m in Sources */ = {isa = PBXBuildFile; fileRef = 18D3579D1B48071100B8B428 /* main.m */; };
		18D357A11B48071100B8B428 /* AppDelegate.m in Sources */ = {isa = PBXBuildFile; fileRef = 18D357A01B48071100B8B428 /* AppDelegate.m */; };
		18D357A71B48071100B8B428 /* Main.storyboard in Resources */ = {isa = PBXBuildFile; fileRef = 18D357A51B48071100B8B428 /* Main.storyboard */; };
		18D357AC1B48071100B8B428 /* LaunchScreen.xib in Resources */ = {isa = PBXBuildFile; fileRef = 18D357AA1B48071100B8B428 /* LaunchScreen.xib */; };
		18D357B81B48071200B8B428 /* WeatherAppTests.m in Sources */ = {isa = PBXBuildFile; fileRef = 18D357B71B48071200B8B428 /* WeatherAppTests.m */; };
		18D357C71B4819B500B8B428 /* ALWeatherViewController.m in Sources */ = {isa = PBXBuildFile; fileRef = 18D357C61B4819B500B8B428 /* ALWeatherViewController.m */; };
		18D357C91B48261600B8B428 /* Images.xcassets in Resources */ = {isa = PBXBuildFile; fileRef = 18D357C81B48261600B8B428 /* Images.xcassets */; };
		18D357CC1B48389F00B8B428 /* ALWeatherItem.m in Sources */ = {isa = PBXBuildFile; fileRef = 18D357CB1B48389F00B8B428 /* ALWeatherItem.m */; };
		18D357CF1B4838D300B8B428 /* ALWeatherModels.m in Sources */ = {isa = PBXBuildFile; fileRef = 18D357CE1B4838D300B8B428 /* ALWeatherModels.m */; };
		18D357D21B48392200B8B428 /* ALServerManager.m in Sources */ = {isa = PBXBuildFile; fileRef = 18D357D11B48392200B8B428 /* ALServerManager.m */; };
		18D358EA1B483BCD00B8B428 /* AFHTTPRequestOperation.m in Sources */ = {isa = PBXBuildFile; fileRef = 18D358D81B483BCD00B8B428 /* AFHTTPRequestOperation.m */; };
		18D358EB1B483BCD00B8B428 /* AFHTTPRequestOperationManager.m in Sources */ = {isa = PBXBuildFile; fileRef = 18D358DA1B483BCD00B8B428 /* AFHTTPRequestOperationManager.m */; };
		18D358EC1B483BCD00B8B428 /* AFHTTPSessionManager.m in Sources */ = {isa = PBXBuildFile; fileRef = 18D358DC1B483BCD00B8B428 /* AFHTTPSessionManager.m */; };
		18D358ED1B483BCD00B8B428 /* AFNetworkReachabilityManager.m in Sources */ = {isa = PBXBuildFile; fileRef = 18D358DF1B483BCD00B8B428 /* AFNetworkReachabilityManager.m */; };
		18D358EE1B483BCD00B8B428 /* AFSecurityPolicy.m in Sources */ = {isa = PBXBuildFile; fileRef = 18D358E11B483BCD00B8B428 /* AFSecurityPolicy.m */; };
		18D358EF1B483BCD00B8B428 /* AFURLConnectionOperation.m in Sources */ = {isa = PBXBuildFile; fileRef = 18D358E31B483BCD00B8B428 /* AFURLConnectionOperation.m */; };
		18D358F01B483BCD00B8B428 /* AFURLRequestSerialization.m in Sources */ = {isa = PBXBuildFile; fileRef = 18D358E51B483BCD00B8B428 /* AFURLRequestSerialization.m */; };
		18D358F11B483BCD00B8B428 /* AFURLResponseSerialization.m in Sources */ = {isa = PBXBuildFile; fileRef = 18D358E71B483BCD00B8B428 /* AFURLResponseSerialization.m */; };
		18D358F21B483BCD00B8B428 /* AFURLSessionManager.m in Sources */ = {isa = PBXBuildFile; fileRef = 18D358E91B483BCD00B8B428 /* AFURLSessionManager.m */; };
		18D358FF1B486F0900B8B428 /* SVIndefiniteAnimatedView.m in Sources */ = {isa = PBXBuildFile; fileRef = 18D358FA1B486F0900B8B428 /* SVIndefiniteAnimatedView.m */; };
		18D359001B486F0900B8B428 /* SVProgressHUD.bundle in Resources */ = {isa = PBXBuildFile; fileRef = 18D358FC1B486F0900B8B428 /* SVProgressHUD.bundle */; };
		18D359011B486F0900B8B428 /* SVProgressHUD.m in Sources */ = {isa = PBXBuildFile; fileRef = 18D358FE1B486F0900B8B428 /* SVProgressHUD.m */; };
/* End PBXBuildFile section */

/* Begin PBXContainerItemProxy section */
		18D357B21B48071200B8B428 /* PBXContainerItemProxy */ = {
			isa = PBXContainerItemProxy;
			containerPortal = 18D357901B48071100B8B428 /* Project object */;
			proxyType = 1;
			remoteGlobalIDString = 18D357971B48071100B8B428;
			remoteInfo = WeatherApp;
		};
/* End PBXContainerItemProxy section */

/* Begin PBXFileReference section */
		18CDCA5D1B4947DB0045418B /* ALSettingsTableViewController.h */ = {isa = PBXFileReference; fileEncoding = 4; lastKnownFileType = sourcecode.c.h; path = ALSettingsTableViewController.h; sourceTree = "<group>"; };
		18CDCA5E1B4947DB0045418B /* ALSettingsTableViewController.m */ = {isa = PBXFileReference; fileEncoding = 4; lastKnownFileType = sourcecode.c.objc; path = ALSettingsTableViewController.m; sourceTree = "<group>"; };
		18CDCA601B4947F70045418B /* ALLocationTableViewController.h */ = {isa = PBXFileReference; fileEncoding = 4; lastKnownFileType = sourcecode.c.h; path = ALLocationTableViewController.h; sourceTree = "<group>"; };
		18CDCA611B4947F70045418B /* ALLocationTableViewController.m */ = {isa = PBXFileReference; fileEncoding = 4; lastKnownFileType = sourcecode.c.objc; path = ALLocationTableViewController.m; sourceTree = "<group>"; };
		18CDCA6D1B494CC60045418B /* ALLocationTableViewCell.h */ = {isa = PBXFileReference; fileEncoding = 4; lastKnownFileType = sourcecode.c.h; path = ALLocationTableViewCell.h; sourceTree = "<group>"; };
		18CDCA6E1B494CC60045418B /* ALLocationTableViewCell.m */ = {isa = PBXFileReference; fileEncoding = 4; lastKnownFileType = sourcecode.c.objc; path = ALLocationTableViewCell.m; sourceTree = "<group>"; };
		18CDCA701B494FD90045418B /* ALLocationListDataSource.h */ = {isa = PBXFileReference; fileEncoding = 4; lastKnownFileType = sourcecode.c.h; path = ALLocationListDataSource.h; sourceTree = "<group>"; };
		18CDCA711B494FD90045418B /* ALLocationListDataSource.m */ = {isa = PBXFileReference; fileEncoding = 4; lastKnownFileType = sourcecode.c.objc; path = ALLocationListDataSource.m; sourceTree = "<group>"; };
		18CDCA731B497A280045418B /* city.json */ = {isa = PBXFileReference; fileEncoding = 4; lastKnownFileType = text.json; path = city.json; sourceTree = "<group>"; };
		18D357981B48071100B8B428 /* WeatherApp.app */ = {isa = PBXFileReference; explicitFileType = wrapper.application; includeInIndex = 0; path = WeatherApp.app; sourceTree = BUILT_PRODUCTS_DIR; };
		18D3579C1B48071100B8B428 /* Info.plist */ = {isa = PBXFileReference; lastKnownFileType = text.plist.xml; path = Info.plist; sourceTree = "<group>"; };
		18D3579D1B48071100B8B428 /* main.m */ = {isa = PBXFileReference; lastKnownFileType = sourcecode.c.objc; path = main.m; sourceTree = "<group>"; };
		18D3579F1B48071100B8B428 /* AppDelegate.h */ = {isa = PBXFileReference; lastKnownFileType = sourcecode.c.h; path = AppDelegate.h; sourceTree = "<group>"; };
		18D357A01B48071100B8B428 /* AppDelegate.m */ = {isa = PBXFileReference; lastKnownFileType = sourcecode.c.objc; path = AppDelegate.m; sourceTree = "<group>"; };
		18D357A61B48071100B8B428 /* Base */ = {isa = PBXFileReference; lastKnownFileType = file.storyboard; name = Base; path = Base.lproj/Main.storyboard; sourceTree = "<group>"; };
		18D357AB1B48071100B8B428 /* Base */ = {isa = PBXFileReference; lastKnownFileType = file.xib; name = Base; path = Base.lproj/LaunchScreen.xib; sourceTree = "<group>"; };
		18D357B11B48071200B8B428 /* WeatherAppTests.xctest */ = {isa = PBXFileReference; explicitFileType = wrapper.cfbundle; includeInIndex = 0; path = WeatherAppTests.xctest; sourceTree = BUILT_PRODUCTS_DIR; };
		18D357B61B48071200B8B428 /* Info.plist */ = {isa = PBXFileReference; lastKnownFileType = text.plist.xml; path = Info.plist; sourceTree = "<group>"; };
		18D357B71B48071200B8B428 /* WeatherAppTests.m */ = {isa = PBXFileReference; lastKnownFileType = sourcecode.c.objc; path = WeatherAppTests.m; sourceTree = "<group>"; };
		18D357C51B4819B500B8B428 /* ALWeatherViewController.h */ = {isa = PBXFileReference; fileEncoding = 4; lastKnownFileType = sourcecode.c.h; path = ALWeatherViewController.h; sourceTree = "<group>"; };
		18D357C61B4819B500B8B428 /* ALWeatherViewController.m */ = {isa = PBXFileReference; fileEncoding = 4; lastKnownFileType = sourcecode.c.objc; path = ALWeatherViewController.m; sourceTree = "<group>"; };
		18D357C81B48261600B8B428 /* Images.xcassets */ = {isa = PBXFileReference; lastKnownFileType = folder.assetcatalog; path = Images.xcassets; sourceTree = "<group>"; };
		18D357CA1B48389F00B8B428 /* ALWeatherItem.h */ = {isa = PBXFileReference; fileEncoding = 4; lastKnownFileType = sourcecode.c.h; path = ALWeatherItem.h; sourceTree = "<group>"; };
		18D357CB1B48389F00B8B428 /* ALWeatherItem.m */ = {isa = PBXFileReference; fileEncoding = 4; lastKnownFileType = sourcecode.c.objc; path = ALWeatherItem.m; sourceTree = "<group>"; };
		18D357CD1B4838D300B8B428 /* ALWeatherModels.h */ = {isa = PBXFileReference; fileEncoding = 4; lastKnownFileType = sourcecode.c.h; path = ALWeatherModels.h; sourceTree = "<group>"; };
		18D357CE1B4838D300B8B428 /* ALWeatherModels.m */ = {isa = PBXFileReference; fileEncoding = 4; lastKnownFileType = sourcecode.c.objc; path = ALWeatherModels.m; sourceTree = "<group>"; };
		18D357D01B48392200B8B428 /* ALServerManager.h */ = {isa = PBXFileReference; fileEncoding = 4; lastKnownFileType = sourcecode.c.h; path = ALServerManager.h; sourceTree = "<group>"; };
		18D357D11B48392200B8B428 /* ALServerManager.m */ = {isa = PBXFileReference; fileEncoding = 4; lastKnownFileType = sourcecode.c.objc; path = ALServerManager.m; sourceTree = "<group>"; };
		18D358D71B483BCD00B8B428 /* AFHTTPRequestOperation.h */ = {isa = PBXFileReference; fileEncoding = 4; lastKnownFileType = sourcecode.c.h; path = AFHTTPRequestOperation.h; sourceTree = "<group>"; };
		18D358D81B483BCD00B8B428 /* AFHTTPRequestOperation.m */ = {isa = PBXFileReference; fileEncoding = 4; lastKnownFileType = sourcecode.c.objc; path = AFHTTPRequestOperation.m; sourceTree = "<group>"; };
		18D358D91B483BCD00B8B428 /* AFHTTPRequestOperationManager.h */ = {isa = PBXFileReference; fileEncoding = 4; lastKnownFileType = sourcecode.c.h; path = AFHTTPRequestOperationManager.h; sourceTree = "<group>"; };
		18D358DA1B483BCD00B8B428 /* AFHTTPRequestOperationManager.m */ = {isa = PBXFileReference; fileEncoding = 4; lastKnownFileType = sourcecode.c.objc; path = AFHTTPRequestOperationManager.m; sourceTree = "<group>"; };
		18D358DB1B483BCD00B8B428 /* AFHTTPSessionManager.h */ = {isa = PBXFileReference; fileEncoding = 4; lastKnownFileType = sourcecode.c.h; path = AFHTTPSessionManager.h; sourceTree = "<group>"; };
		18D358DC1B483BCD00B8B428 /* AFHTTPSessionManager.m */ = {isa = PBXFileReference; fileEncoding = 4; lastKnownFileType = sourcecode.c.objc; path = AFHTTPSessionManager.m; sourceTree = "<group>"; };
		18D358DD1B483BCD00B8B428 /* AFNetworking.h */ = {isa = PBXFileReference; fileEncoding = 4; lastKnownFileType = sourcecode.c.h; path = AFNetworking.h; sourceTree = "<group>"; };
		18D358DE1B483BCD00B8B428 /* AFNetworkReachabilityManager.h */ = {isa = PBXFileReference; fileEncoding = 4; lastKnownFileType = sourcecode.c.h; path = AFNetworkReachabilityManager.h; sourceTree = "<group>"; };
		18D358DF1B483BCD00B8B428 /* AFNetworkReachabilityManager.m */ = {isa = PBXFileReference; fileEncoding = 4; lastKnownFileType = sourcecode.c.objc; path = AFNetworkReachabilityManager.m; sourceTree = "<group>"; };
		18D358E01B483BCD00B8B428 /* AFSecurityPolicy.h */ = {isa = PBXFileReference; fileEncoding = 4; lastKnownFileType = sourcecode.c.h; path = AFSecurityPolicy.h; sourceTree = "<group>"; };
		18D358E11B483BCD00B8B428 /* AFSecurityPolicy.m */ = {isa = PBXFileReference; fileEncoding = 4; lastKnownFileType = sourcecode.c.objc; path = AFSecurityPolicy.m; sourceTree = "<group>"; };
		18D358E21B483BCD00B8B428 /* AFURLConnectionOperation.h */ = {isa = PBXFileReference; fileEncoding = 4; lastKnownFileType = sourcecode.c.h; path = AFURLConnectionOperation.h; sourceTree = "<group>"; };
		18D358E31B483BCD00B8B428 /* AFURLConnectionOperation.m */ = {isa = PBXFileReference; fileEncoding = 4; lastKnownFileType = sourcecode.c.objc; path = AFURLConnectionOperation.m; sourceTree = "<group>"; };
		18D358E41B483BCD00B8B428 /* AFURLRequestSerialization.h */ = {isa = PBXFileReference; fileEncoding = 4; lastKnownFileType = sourcecode.c.h; path = AFURLRequestSerialization.h; sourceTree = "<group>"; };
		18D358E51B483BCD00B8B428 /* AFURLRequestSerialization.m */ = {isa = PBXFileReference; fileEncoding = 4; lastKnownFileType = sourcecode.c.objc; path = AFURLRequestSerialization.m; sourceTree = "<group>"; };
		18D358E61B483BCD00B8B428 /* AFURLResponseSerialization.h */ = {isa = PBXFileReference; fileEncoding = 4; lastKnownFileType = sourcecode.c.h; path = AFURLResponseSerialization.h; sourceTree = "<group>"; };
		18D358E71B483BCD00B8B428 /* AFURLResponseSerialization.m */ = {isa = PBXFileReference; fileEncoding = 4; lastKnownFileType = sourcecode.c.objc; path = AFURLResponseSerialization.m; sourceTree = "<group>"; };
		18D358E81B483BCD00B8B428 /* AFURLSessionManager.h */ = {isa = PBXFileReference; fileEncoding = 4; lastKnownFileType = sourcecode.c.h; path = AFURLSessionManager.h; sourceTree = "<group>"; };
		18D358E91B483BCD00B8B428 /* AFURLSessionManager.m */ = {isa = PBXFileReference; fileEncoding = 4; lastKnownFileType = sourcecode.c.objc; path = AFURLSessionManager.m; sourceTree = "<group>"; };
		18D358F91B486F0900B8B428 /* SVIndefiniteAnimatedView.h */ = {isa = PBXFileReference; fileEncoding = 4; lastKnownFileType = sourcecode.c.h; path = SVIndefiniteAnimatedView.h; sourceTree = "<group>"; };
		18D358FA1B486F0900B8B428 /* SVIndefiniteAnimatedView.m */ = {isa = PBXFileReference; fileEncoding = 4; lastKnownFileType = sourcecode.c.objc; path = SVIndefiniteAnimatedView.m; sourceTree = "<group>"; };
		18D358FB1B486F0900B8B428 /* SVProgressHUD-Prefix.pch */ = {isa = PBXFileReference; fileEncoding = 4; lastKnownFileType = sourcecode.c.h; path = "SVProgressHUD-Prefix.pch"; sourceTree = "<group>"; };
		18D358FC1B486F0900B8B428 /* SVProgressHUD.bundle */ = {isa = PBXFileReference; lastKnownFileType = "wrapper.plug-in"; path = SVProgressHUD.bundle; sourceTree = "<group>"; };
		18D358FD1B486F0900B8B428 /* SVProgressHUD.h */ = {isa = PBXFileReference; fileEncoding = 4; lastKnownFileType = sourcecode.c.h; path = SVProgressHUD.h; sourceTree = "<group>"; };
		18D358FE1B486F0900B8B428 /* SVProgressHUD.m */ = {isa = PBXFileReference; fileEncoding = 4; lastKnownFileType = sourcecode.c.objc; path = SVProgressHUD.m; sourceTree = "<group>"; };
/* End PBXFileReference section */

/* Begin PBXFrameworksBuildPhase section */
		18D357951B48071100B8B428 /* Frameworks */ = {
			isa = PBXFrameworksBuildPhase;
			buildActionMask = 2147483647;
			files = (
			);
			runOnlyForDeploymentPostprocessing = 0;
		};
		18D357AE1B48071200B8B428 /* Frameworks */ = {
			isa = PBXFrameworksBuildPhase;
			buildActionMask = 2147483647;
			files = (
			);
			runOnlyForDeploymentPostprocessing = 0;
		};
/* End PBXFrameworksBuildPhase section */

/* Begin PBXGroup section */
		18CDCA6C1B494C690045418B /* LocationList */ = {
			isa = PBXGroup;
			children = (
				18CDCA731B497A280045418B /* city.json */,
				18CDCA6D1B494CC60045418B /* ALLocationTableViewCell.h */,
				18CDCA6E1B494CC60045418B /* ALLocationTableViewCell.m */,
				18CDCA701B494FD90045418B /* ALLocationListDataSource.h */,
				18CDCA711B494FD90045418B /* ALLocationListDataSource.m */,
				18CDCA601B4947F70045418B /* ALLocationTableViewController.h */,
				18CDCA611B4947F70045418B /* ALLocationTableViewController.m */,
			);
			name = LocationList;
			sourceTree = "<group>";
		};
		18D3578F1B48071100B8B428 = {
			isa = PBXGroup;
			children = (
				18D3579A1B48071100B8B428 /* WeatherApp */,
				18D357B41B48071200B8B428 /* WeatherAppTests */,
				18D357991B48071100B8B428 /* Products */,
			);
			sourceTree = "<group>";
		};
		18D357991B48071100B8B428 /* Products */ = {
			isa = PBXGroup;
			children = (
				18D357981B48071100B8B428 /* WeatherApp.app */,
				18D357B11B48071200B8B428 /* WeatherAppTests.xctest */,
			);
			name = Products;
			sourceTree = "<group>";
		};
		18D3579A1B48071100B8B428 /* WeatherApp */ = {
			isa = PBXGroup;
			children = (
				18D357C41B48195300B8B428 /* Network */,
				18D357C31B48194600B8B428 /* Models */,
				18D357C11B4815FF00B8B428 /* Inteface */,
				18D357AA1B48071100B8B428 /* LaunchScreen.xib */,
				18D357C81B48261600B8B428 /* Images.xcassets */,
				18D358F41B483BF500B8B428 /* Libs */,
				18D3579B1B48071100B8B428 /* Supporting Files */,
			);
			path = WeatherApp;
			sourceTree = "<group>";
		};
		18D3579B1B48071100B8B428 /* Supporting Files */ = {
			isa = PBXGroup;
			children = (
				18D3579F1B48071100B8B428 /* AppDelegate.h */,
				18D357A01B48071100B8B428 /* AppDelegate.m */,
				18D3579C1B48071100B8B428 /* Info.plist */,
				18D3579D1B48071100B8B428 /* main.m */,
			);
			name = "Supporting Files";
			sourceTree = "<group>";
		};
		18D357B41B48071200B8B428 /* WeatherAppTests */ = {
			isa = PBXGroup;
			children = (
				18D357B71B48071200B8B428 /* WeatherAppTests.m */,
				18D357B51B48071200B8B428 /* Supporting Files */,
			);
			path = WeatherAppTests;
			sourceTree = "<group>";
		};
		18D357B51B48071200B8B428 /* Supporting Files */ = {
			isa = PBXGroup;
			children = (
				18D357B61B48071200B8B428 /* Info.plist */,
			);
			name = "Supporting Files";
			sourceTree = "<group>";
		};
		18D357C11B4815FF00B8B428 /* Inteface */ = {
			isa = PBXGroup;
			children = (
				18CDCA6C1B494C690045418B /* LocationList */,
				18D357C51B4819B500B8B428 /* ALWeatherViewController.h */,
				18D357C61B4819B500B8B428 /* ALWeatherViewController.m */,
				18CDCA5D1B4947DB0045418B /* ALSettingsTableViewController.h */,
				18CDCA5E1B4947DB0045418B /* ALSettingsTableViewController.m */,
				18D357A51B48071100B8B428 /* Main.storyboard */,
			);
			name = Inteface;
			sourceTree = "<group>";
		};
		18D357C31B48194600B8B428 /* Models */ = {
			isa = PBXGroup;
			children = (
				18D357CA1B48389F00B8B428 /* ALWeatherItem.h */,
				18D357CB1B48389F00B8B428 /* ALWeatherItem.m */,
				18D357CD1B4838D300B8B428 /* ALWeatherModels.h */,
				18D357CE1B4838D300B8B428 /* ALWeatherModels.m */,
			);
			name = Models;
			sourceTree = "<group>";
		};
		18D357C41B48195300B8B428 /* Network */ = {
			isa = PBXGroup;
			children = (
				18D357D01B48392200B8B428 /* ALServerManager.h */,
				18D357D11B48392200B8B428 /* ALServerManager.m */,
			);
			name = Network;
			sourceTree = "<group>";
		};
		18D358D61B483BCD00B8B428 /* AFNetworking */ = {
			isa = PBXGroup;
			children = (
				18D358D71B483BCD00B8B428 /* AFHTTPRequestOperation.h */,
				18D358D81B483BCD00B8B428 /* AFHTTPRequestOperation.m */,
				18D358D91B483BCD00B8B428 /* AFHTTPRequestOperationManager.h */,
				18D358DA1B483BCD00B8B428 /* AFHTTPRequestOperationManager.m */,
				18D358DB1B483BCD00B8B428 /* AFHTTPSessionManager.h */,
				18D358DC1B483BCD00B8B428 /* AFHTTPSessionManager.m */,
				18D358DD1B483BCD00B8B428 /* AFNetworking.h */,
				18D358DE1B483BCD00B8B428 /* AFNetworkReachabilityManager.h */,
				18D358DF1B483BCD00B8B428 /* AFNetworkReachabilityManager.m */,
				18D358E01B483BCD00B8B428 /* AFSecurityPolicy.h */,
				18D358E11B483BCD00B8B428 /* AFSecurityPolicy.m */,
				18D358E21B483BCD00B8B428 /* AFURLConnectionOperation.h */,
				18D358E31B483BCD00B8B428 /* AFURLConnectionOperation.m */,
				18D358E41B483BCD00B8B428 /* AFURLRequestSerialization.h */,
				18D358E51B483BCD00B8B428 /* AFURLRequestSerialization.m */,
				18D358E61B483BCD00B8B428 /* AFURLResponseSerialization.h */,
				18D358E71B483BCD00B8B428 /* AFURLResponseSerialization.m */,
				18D358E81B483BCD00B8B428 /* AFURLSessionManager.h */,
				18D358E91B483BCD00B8B428 /* AFURLSessionManager.m */,
			);
			path = AFNetworking;
			sourceTree = "<group>";
		};
		18D358F41B483BF500B8B428 /* Libs */ = {
			isa = PBXGroup;
			children = (
				18D358F81B486F0900B8B428 /* SVProgressHUD */,
				18D358D61B483BCD00B8B428 /* AFNetworking */,
			);
			name = Libs;
			sourceTree = "<group>";
		};
		18D358F81B486F0900B8B428 /* SVProgressHUD */ = {
			isa = PBXGroup;
			children = (
				18D358F91B486F0900B8B428 /* SVIndefiniteAnimatedView.h */,
				18D358FA1B486F0900B8B428 /* SVIndefiniteAnimatedView.m */,
				18D358FB1B486F0900B8B428 /* SVProgressHUD-Prefix.pch */,
				18D358FC1B486F0900B8B428 /* SVProgressHUD.bundle */,
				18D358FD1B486F0900B8B428 /* SVProgressHUD.h */,
				18D358FE1B486F0900B8B428 /* SVProgressHUD.m */,
			);
			path = SVProgressHUD;
			sourceTree = "<group>";
		};
/* End PBXGroup section */

/* Begin PBXNativeTarget section */
		18D357971B48071100B8B428 /* WeatherApp */ = {
			isa = PBXNativeTarget;
			buildConfigurationList = 18D357BB1B48071200B8B428 /* Build configuration list for PBXNativeTarget "WeatherApp" */;
			buildPhases = (
				18D357941B48071100B8B428 /* Sources */,
				18D357951B48071100B8B428 /* Frameworks */,
				18D357961B48071100B8B428 /* Resources */,
			);
			buildRules = (
			);
			dependencies = (
			);
			name = WeatherApp;
			productName = WeatherApp;
			productReference = 18D357981B48071100B8B428 /* WeatherApp.app */;
			productType = "com.apple.product-type.application";
		};
		18D357B01B48071200B8B428 /* WeatherAppTests */ = {
			isa = PBXNativeTarget;
			buildConfigurationList = 18D357BE1B48071200B8B428 /* Build configuration list for PBXNativeTarget "WeatherAppTests" */;
			buildPhases = (
				18D357AD1B48071200B8B428 /* Sources */,
				18D357AE1B48071200B8B428 /* Frameworks */,
				18D357AF1B48071200B8B428 /* Resources */,
			);
			buildRules = (
			);
			dependencies = (
				18D357B31B48071200B8B428 /* PBXTargetDependency */,
			);
			name = WeatherAppTests;
			productName = WeatherAppTests;
			productReference = 18D357B11B48071200B8B428 /* WeatherAppTests.xctest */;
			productType = "com.apple.product-type.bundle.unit-test";
		};
/* End PBXNativeTarget section */

/* Begin PBXProject section */
		18D357901B48071100B8B428 /* Project object */ = {
			isa = PBXProject;
			attributes = {
				CLASSPREFIX = AL;
				LastUpgradeCheck = 0630;
				ORGANIZATIONNAME = "Alex Linnik";
				TargetAttributes = {
					18D357971B48071100B8B428 = {
						CreatedOnToolsVersion = 6.3.2;
					};
					18D357B01B48071200B8B428 = {
						CreatedOnToolsVersion = 6.3.2;
						TestTargetID = 18D357971B48071100B8B428;
					};
				};
			};
			buildConfigurationList = 18D357931B48071100B8B428 /* Build configuration list for PBXProject "WeatherApp" */;
			compatibilityVersion = "Xcode 3.2";
			developmentRegion = English;
			hasScannedForEncodings = 0;
			knownRegions = (
				en,
				Base,
			);
			mainGroup = 18D3578F1B48071100B8B428;
			productRefGroup = 18D357991B48071100B8B428 /* Products */;
			projectDirPath = "";
			projectRoot = "";
			targets = (
				18D357971B48071100B8B428 /* WeatherApp */,
				18D357B01B48071200B8B428 /* WeatherAppTests */,
			);
		};
/* End PBXProject section */

/* Begin PBXResourcesBuildPhase section */
		18D357961B48071100B8B428 /* Resources */ = {
			isa = PBXResourcesBuildPhase;
			buildActionMask = 2147483647;
			files = (
				18D357C91B48261600B8B428 /* Images.xcassets in Resources */,
				18CDCA741B497A280045418B /* city.json in Resources */,
				18D357A71B48071100B8B428 /* Main.storyboard in Resources */,
				18D357AC1B48071100B8B428 /* LaunchScreen.xib in Resources */,
				18D359001B486F0900B8B428 /* SVProgressHUD.bundle in Resources */,
			);
			runOnlyForDeploymentPostprocessing = 0;
		};
		18D357AF1B48071200B8B428 /* Resources */ = {
			isa = PBXResourcesBuildPhase;
			buildActionMask = 2147483647;
			files = (
			);
			runOnlyForDeploymentPostprocessing = 0;
		};
/* End PBXResourcesBuildPhase section */

/* Begin PBXSourcesBuildPhase section */
		18D357941B48071100B8B428 /* Sources */ = {
			isa = PBXSourcesBuildPhase;
			buildActionMask = 2147483647;
			files = (
				18CDCA721B494FD90045418B /* ALLocationListDataSource.m in Sources */,
				18D358F21B483BCD00B8B428 /* AFURLSessionManager.m in Sources */,
				18D357CC1B48389F00B8B428 /* ALWeatherItem.m in Sources */,
				18D357C71B4819B500B8B428 /* ALWeatherViewController.m in Sources */,
				18CDCA5F1B4947DB0045418B /* ALSettingsTableViewController.m in Sources */,
				18D358ED1B483BCD00B8B428 /* AFNetworkReachabilityManager.m in Sources */,
				18CDCA6F1B494CC60045418B /* ALLocationTableViewCell.m in Sources */,
				18D357A11B48071100B8B428 /* AppDelegate.m in Sources */,
				18D359011B486F0900B8B428 /* SVProgressHUD.m in Sources */,
				18D358EF1B483BCD00B8B428 /* AFURLConnectionOperation.m in Sources */,
				18D358EC1B483BCD00B8B428 /* AFHTTPSessionManager.m in Sources */,
				18D358F01B483BCD00B8B428 /* AFURLRequestSerialization.m in Sources */,
				18D3579E1B48071100B8B428 /* main.m in Sources */,
				18D357CF1B4838D300B8B428 /* ALWeatherModels.m in Sources */,
				18CDCA621B4947F70045418B /* ALLocationTableViewController.m in Sources */,
				18D357D21B48392200B8B428 /* ALServerManager.m in Sources */,
				18D358FF1B486F0900B8B428 /* SVIndefiniteAnimatedView.m in Sources */,
				18D358EB1B483BCD00B8B428 /* AFHTTPRequestOperationManager.m in Sources */,
				18D358EE1B483BCD00B8B428 /* AFSecurityPolicy.m in Sources */,
				18D358F11B483BCD00B8B428 /* AFURLResponseSerialization.m in Sources */,
				18D358EA1B483BCD00B8B428 /* AFHTTPRequestOperation.m in Sources */,
			);
			runOnlyForDeploymentPostprocessing = 0;
		};
		18D357AD1B48071200B8B428 /* Sources */ = {
			isa = PBXSourcesBuildPhase;
			buildActionMask = 2147483647;
			files = (
				18D357B81B48071200B8B428 /* WeatherAppTests.m in Sources */,
			);
			runOnlyForDeploymentPostprocessing = 0;
		};
/* End PBXSourcesBuildPhase section */

/* Begin PBXTargetDependency section */
		18D357B31B48071200B8B428 /* PBXTargetDependency */ = {
			isa = PBXTargetDependency;
			target = 18D357971B48071100B8B428 /* WeatherApp */;
			targetProxy = 18D357B21B48071200B8B428 /* PBXContainerItemProxy */;
		};
/* End PBXTargetDependency section */

/* Begin PBXVariantGroup section */
		18D357A51B48071100B8B428 /* Main.storyboard */ = {
			isa = PBXVariantGroup;
			children = (
				18D357A61B48071100B8B428 /* Base */,
			);
			name = Main.storyboard;
			sourceTree = "<group>";
		};
		18D357AA1B48071100B8B428 /* LaunchScreen.xib */ = {
			isa = PBXVariantGroup;
			children = (
				18D357AB1B48071100B8B428 /* Base */,
			);
			name = LaunchScreen.xib;
			sourceTree = "<group>";
		};
/* End PBXVariantGroup section */

/* Begin XCBuildConfiguration section */
		18D357B91B48071200B8B428 /* Debug */ = {
			isa = XCBuildConfiguration;
			buildSettings = {
				ALWAYS_SEARCH_USER_PATHS = NO;
				CLANG_CXX_LANGUAGE_STANDARD = "gnu++0x";
				CLANG_CXX_LIBRARY = "libc++";
				CLANG_ENABLE_MODULES = YES;
				CLANG_ENABLE_OBJC_ARC = YES;
				CLANG_WARN_BOOL_CONVERSION = YES;
				CLANG_WARN_CONSTANT_CONVERSION = YES;
				CLANG_WARN_DIRECT_OBJC_ISA_USAGE = YES_ERROR;
				CLANG_WARN_EMPTY_BODY = YES;
				CLANG_WARN_ENUM_CONVERSION = YES;
				CLANG_WARN_INT_CONVERSION = YES;
				CLANG_WARN_OBJC_ROOT_CLASS = YES_ERROR;
				CLANG_WARN_UNREACHABLE_CODE = YES;
				CLANG_WARN__DUPLICATE_METHOD_MATCH = YES;
				"CODE_SIGN_IDENTITY[sdk=iphoneos*]" = "iPhone Developer";
				COPY_PHASE_STRIP = NO;
				DEBUG_INFORMATION_FORMAT = "dwarf-with-dsym";
				ENABLE_STRICT_OBJC_MSGSEND = YES;
				GCC_C_LANGUAGE_STANDARD = gnu99;
				GCC_DYNAMIC_NO_PIC = NO;
				GCC_NO_COMMON_BLOCKS = YES;
				GCC_OPTIMIZATION_LEVEL = 0;
				GCC_PREPROCESSOR_DEFINITIONS = (
					"DEBUG=1",
					"$(inherited)",
				);
				GCC_SYMBOLS_PRIVATE_EXTERN = NO;
				GCC_WARN_64_TO_32_BIT_CONVERSION = YES;
				GCC_WARN_ABOUT_RETURN_TYPE = YES_ERROR;
				GCC_WARN_UNDECLARED_SELECTOR = YES;
				GCC_WARN_UNINITIALIZED_AUTOS = YES_AGGRESSIVE;
				GCC_WARN_UNUSED_FUNCTION = YES;
				GCC_WARN_UNUSED_VARIABLE = YES;
				IPHONEOS_DEPLOYMENT_TARGET = 8.3;
				MTL_ENABLE_DEBUG_INFO = YES;
				ONLY_ACTIVE_ARCH = YES;
				SDKROOT = iphoneos;
			};
			name = Debug;
		};
		18D357BA1B48071200B8B428 /* Release */ = {
			isa = XCBuildConfiguration;
			buildSettings = {
				ALWAYS_SEARCH_USER_PATHS = NO;
				CLANG_CXX_LANGUAGE_STANDARD = "gnu++0x";
				CLANG_CXX_LIBRARY = "libc++";
				CLANG_ENABLE_MODULES = YES;
				CLANG_ENABLE_OBJC_ARC = YES;
				CLANG_WARN_BOOL_CONVERSION = YES;
				CLANG_WARN_CONSTANT_CONVERSION = YES;
				CLANG_WARN_DIRECT_OBJC_ISA_USAGE = YES_ERROR;
				CLANG_WARN_EMPTY_BODY = YES;
				CLANG_WARN_ENUM_CONVERSION = YES;
				CLANG_WARN_INT_CONVERSION = YES;
				CLANG_WARN_OBJC_ROOT_CLASS = YES_ERROR;
				CLANG_WARN_UNREACHABLE_CODE = YES;
				CLANG_WARN__DUPLICATE_METHOD_MATCH = YES;
				"CODE_SIGN_IDENTITY[sdk=iphoneos*]" = "iPhone Developer";
				COPY_PHASE_STRIP = NO;
				DEBUG_INFORMATION_FORMAT = "dwarf-with-dsym";
				ENABLE_NS_ASSERTIONS = NO;
				ENABLE_STRICT_OBJC_MSGSEND = YES;
				GCC_C_LANGUAGE_STANDARD = gnu99;
				GCC_NO_COMMON_BLOCKS = YES;
				GCC_WARN_64_TO_32_BIT_CONVERSION = YES;
				GCC_WARN_ABOUT_RETURN_TYPE = YES_ERROR;
				GCC_WARN_UNDECLARED_SELECTOR = YES;
				GCC_WARN_UNINITIALIZED_AUTOS = YES_AGGRESSIVE;
				GCC_WARN_UNUSED_FUNCTION = YES;
				GCC_WARN_UNUSED_VARIABLE = YES;
				IPHONEOS_DEPLOYMENT_TARGET = 8.3;
				MTL_ENABLE_DEBUG_INFO = NO;
				SDKROOT = iphoneos;
				VALIDATE_PRODUCT = YES;
			};
			name = Release;
		};
		18D357BC1B48071200B8B428 /* Debug */ = {
			isa = XCBuildConfiguration;
			buildSettings = {
				ASSETCATALOG_COMPILER_APPICON_NAME = AppIcon;
				INFOPLIST_FILE = WeatherApp/Info.plist;
				LD_RUNPATH_SEARCH_PATHS = "$(inherited) @executable_path/Frameworks";
				PRODUCT_NAME = "$(TARGET_NAME)";
			};
			name = Debug;
		};
		18D357BD1B48071200B8B428 /* Release */ = {
			isa = XCBuildConfiguration;
			buildSettings = {
				ASSETCATALOG_COMPILER_APPICON_NAME = AppIcon;
				INFOPLIST_FILE = WeatherApp/Info.plist;
				LD_RUNPATH_SEARCH_PATHS = "$(inherited) @executable_path/Frameworks";
				PRODUCT_NAME = "$(TARGET_NAME)";
			};
			name = Release;
		};
		18D357BF1B48071200B8B428 /* Debug */ = {
			isa = XCBuildConfiguration;
			buildSettings = {
				BUNDLE_LOADER = "$(TEST_HOST)";
				FRAMEWORK_SEARCH_PATHS = (
					"$(SDKROOT)/Developer/Library/Frameworks",
					"$(inherited)",
				);
				GCC_PREPROCESSOR_DEFINITIONS = (
					"DEBUG=1",
					"$(inherited)",
				);
				INFOPLIST_FILE = WeatherAppTests/Info.plist;
				LD_RUNPATH_SEARCH_PATHS = "$(inherited) @executable_path/Frameworks @loader_path/Frameworks";
				PRODUCT_NAME = "$(TARGET_NAME)";
				TEST_HOST = "$(BUILT_PRODUCTS_DIR)/WeatherApp.app/WeatherApp";
			};
			name = Debug;
		};
		18D357C01B48071200B8B428 /* Release */ = {
			isa = XCBuildConfiguration;
			buildSettings = {
				BUNDLE_LOADER = "$(TEST_HOST)";
				FRAMEWORK_SEARCH_PATHS = (
					"$(SDKROOT)/Developer/Library/Frameworks",
					"$(inherited)",
				);
				INFOPLIST_FILE = WeatherAppTests/Info.plist;
				LD_RUNPATH_SEARCH_PATHS = "$(inherited) @executable_path/Frameworks @loader_path/Frameworks";
				PRODUCT_NAME = "$(TARGET_NAME)";
				TEST_HOST = "$(BUILT_PRODUCTS_DIR)/WeatherApp.app/WeatherApp";
			};
			name = Release;
		};
/* End XCBuildConfiguration section */

/* Begin XCConfigurationList section */
		18D357931B48071100B8B428 /* Build configuration list for PBXProject "WeatherApp" */ = {
			isa = XCConfigurationList;
			buildConfigurations = (
				18D357B91B48071200B8B428 /* Debug */,
				18D357BA1B48071200B8B428 /* Release */,
			);
			defaultConfigurationIsVisible = 0;
			defaultConfigurationName = Release;
		};
		18D357BB1B48071200B8B428 /* Build configuration list for PBXNativeTarget "WeatherApp" */ = {
			isa = XCConfigurationList;
			buildConfigurations = (
				18D357BC1B48071200B8B428 /* Debug */,
				18D357BD1B48071200B8B428 /* Release */,
			);
			defaultConfigurationIsVisible = 0;
			defaultConfigurationName = Release;
		};
		18D357BE1B48071200B8B428 /* Build configuration list for PBXNativeTarget "WeatherAppTests" */ = {
			isa = XCConfigurationList;
			buildConfigurations = (
				18D357BF1B48071200B8B428 /* Debug */,
				18D357C01B48071200B8B428 /* Release */,
			);
			defaultConfigurationIsVisible = 0;
			defaultConfigurationName = Release;
		};
/* End XCConfigurationList section */
	};
	rootObject = 18D357901B48071100B8B428 /* Project object */;
}
